// !$*UTF8*$!
{
	archiveVersion = 1;
	classes = {
	};
	objectVersion = 50;
	objects = {

/* Begin PBXBuildFile section */
		4A078893245DC92B0081CE6E /* AppDelegate.swift in Sources */ = {isa = PBXBuildFile; fileRef = 4A078892245DC92B0081CE6E /* AppDelegate.swift */; };
		4A078895245DC92B0081CE6E /* SceneDelegate.swift in Sources */ = {isa = PBXBuildFile; fileRef = 4A078894245DC92B0081CE6E /* SceneDelegate.swift */; };
		4A078897245DC92B0081CE6E /* ViewController.swift in Sources */ = {isa = PBXBuildFile; fileRef = 4A078896245DC92B0081CE6E /* ViewController.swift */; };
		4A07889A245DC92B0081CE6E /* Main.storyboard in Resources */ = {isa = PBXBuildFile; fileRef = 4A078898245DC92B0081CE6E /* Main.storyboard */; };
		4A07889C245DC92D0081CE6E /* Assets.xcassets in Resources */ = {isa = PBXBuildFile; fileRef = 4A07889B245DC92D0081CE6E /* Assets.xcassets */; };
		4A07889F245DC92D0081CE6E /* LaunchScreen.storyboard in Resources */ = {isa = PBXBuildFile; fileRef = 4A07889D245DC92D0081CE6E /* LaunchScreen.storyboard */; };
/* End PBXBuildFile section */

/* Begin PBXFileReference section */
		4A07888F245DC92B0081CE6E /* tconvector.app */ = {isa = PBXFileReference; explicitFileType = wrapper.application; includeInIndex = 0; path = tconvector.app; sourceTree = BUILT_PRODUCTS_DIR; };
		4A078892245DC92B0081CE6E /* AppDelegate.swift */ = {isa = PBXFileReference; lastKnownFileType = sourcecode.swift; path = AppDelegate.swift; sourceTree = "<group>"; };
		4A078894245DC92B0081CE6E /* SceneDelegate.swift */ = {isa = PBXFileReference; lastKnownFileType = sourcecode.swift; path = SceneDelegate.swift; sourceTree = "<group>"; };
		4A078896245DC92B0081CE6E /* ViewController.swift */ = {isa = PBXFileReference; lastKnownFileType = sourcecode.swift; path = ViewController.swift; sourceTree = "<group>"; };
		4A078899245DC92B0081CE6E /* Base */ = {isa = PBXFileReference; lastKnownFileType = file.storyboard; name = Base; path = Base.lproj/Main.storyboard; sourceTree = "<group>"; };
		4A07889B245DC92D0081CE6E /* Assets.xcassets */ = {isa = PBXFileReference; lastKnownFileType = folder.assetcatalog; path = Assets.xcassets; sourceTree = "<group>"; };
		4A07889E245DC92D0081CE6E /* Base */ = {isa = PBXFileReference; lastKnownFileType = file.storyboard; name = Base; path = Base.lproj/LaunchScreen.storyboard; sourceTree = "<group>"; };
		4A0788A0245DC92D0081CE6E /* Info.plist */ = {isa = PBXFileReference; lastKnownFileType = text.plist.xml; path = Info.plist; sourceTree = "<group>"; };
/* End PBXFileReference section */

/* Begin PBXFrameworksBuildPhase section */
		4A07888C245DC92B0081CE6E /* Frameworks */ = {
			isa = PBXFrameworksBuildPhase;
			buildActionMask = 2147483647;
			files = (
			);
			runOnlyForDeploymentPostprocessing = 0;
		};
/* End PBXFrameworksBuildPhase section */

/* Begin PBXGroup section */
		4A078886245DC92B0081CE6E = {
			isa = PBXGroup;
			children = (
				4A078891245DC92B0081CE6E /* tconvector */,
				4A078890245DC92B0081CE6E /* Products */,
			);
			sourceTree = "<group>";
		};
		4A078890245DC92B0081CE6E /* Products */ = {
			isa = PBXGroup;
			children = (
				4A07888F245DC92B0081CE6E /* tconvector.app */,
			);
			name = Products;
			sourceTree = "<group>";
		};
		4A078891245DC92B0081CE6E /* tconvector */ = {
			isa = PBXGroup;
			children = (
				4A078892245DC92B0081CE6E /* AppDelegate.swift */,
				4A078894245DC92B0081CE6E /* SceneDelegate.swift */,
				4A078896245DC92B0081CE6E /* ViewController.swift */,
				4A078898245DC92B0081CE6E /* Main.storyboard */,
				4A07889B245DC92D0081CE6E /* Assets.xcassets */,
				4A07889D245DC92D0081CE6E /* LaunchScreen.storyboard */,
				4A0788A0245DC92D0081CE6E /* Info.plist */,
			);
			path = tconvector;
			sourceTree = "<group>";
		};
/* End PBXGroup section */

/* Begin PBXNativeTarget section */
		4A07888E245DC92B0081CE6E /* tconvector */ = {
			isa = PBXNativeTarget;
			buildConfigurationList = 4A0788A3245DC92D0081CE6E /* Build configuration list for PBXNativeTarget "tconvector" */;
			buildPhases = (
				4A07888B245DC92B0081CE6E /* Sources */,
				4A07888C245DC92B0081CE6E /* Frameworks */,
				4A07888D245DC92B0081CE6E /* Resources */,
			);
			buildRules = (
			);
			dependencies = (
			);
			name = tconvector;
			productName = tconvector;
			productReference = 4A07888F245DC92B0081CE6E /* tconvector.app */;
			productType = "com.apple.product-type.application";
		};
/* End PBXNativeTarget section */

/* Begin PBXProject section */
		4A078887245DC92B0081CE6E /* Project object */ = {
			isa = PBXProject;
			attributes = {
				LastSwiftUpdateCheck = 1140;
				LastUpgradeCheck = 1140;
				ORGANIZATIONNAME = "Volodymyr Boichuk";
				TargetAttributes = {
					4A07888E245DC92B0081CE6E = {
						CreatedOnToolsVersion = 11.4;
					};
				};
			};
			buildConfigurationList = 4A07888A245DC92B0081CE6E /* Build configuration list for PBXProject "tconvector" */;
			compatibilityVersion = "Xcode 9.3";
			developmentRegion = en;
			hasScannedForEncodings = 0;
			knownRegions = (
				en,
				Base,
			);
			mainGroup = 4A078886245DC92B0081CE6E;
			productRefGroup = 4A078890245DC92B0081CE6E /* Products */;
			projectDirPath = "";
			projectRoot = "";
			targets = (
				4A07888E245DC92B0081CE6E /* tconvector */,
			);
		};
/* End PBXProject section */

/* Begin PBXResourcesBuildPhase section */
		4A07888D245DC92B0081CE6E /* Resources */ = {
			isa = PBXResourcesBuildPhase;
			buildActionMask = 2147483647;
			files = (
				4A07889F245DC92D0081CE6E /* LaunchScreen.storyboard in Resources */,
				4A07889C245DC92D0081CE6E /* Assets.xcassets in Resources */,
				4A07889A245DC92B0081CE6E /* Main.storyboard in Resources */,
			);
			runOnlyForDeploymentPostprocessing = 0;
		};
/* End PBXResourcesBuildPhase section */

/* Begin PBXSourcesBuildPhase section */
		4A07888B245DC92B0081CE6E /* Sources */ = {
			isa = PBXSourcesBuildPhase;
			buildActionMask = 2147483647;
			files = (
				4A078897245DC92B0081CE6E /* ViewController.swift in Sources */,
				4A078893245DC92B0081CE6E /* AppDelegate.swift in Sources */,
				4A078895245DC92B0081CE6E /* SceneDelegate.swift in Sources */,
			);
			runOnlyForDeploymentPostprocessing = 0;
		};
/* End PBXSourcesBuildPhase section */

/* Begin PBXVariantGroup section */
		4A078898245DC92B0081CE6E /* Main.storyboard */ = {
			isa = PBXVariantGroup;
			children = (
				4A078899245DC92B0081CE6E /* Base */,
			);
			name = Main.storyboard;
			sourceTree = "<group>";
		};
		4A07889D245DC92D0081CE6E /* LaunchScreen.storyboard */ = {
			isa = PBXVariantGroup;
			children = (
				4A07889E245DC92D0081CE6E /* Base */,
			);
			name = LaunchScreen.storyboard;
			sourceTree = "<group>";
		};
/* End PBXVariantGroup section */

/* Begin XCBuildConfiguration section */
		4A0788A1245DC92D0081CE6E /* Debug */ = {
			isa = XCBuildConfiguration;
			buildSettings = {
				ALWAYS_SEARCH_USER_PATHS = NO;
				CLANG_ANALYZER_NONNULL = YES;
				CLANG_ANALYZER_NUMBER_OBJECT_CONVERSION = YES_AGGRESSIVE;
				CLANG_CXX_LANGUAGE_STANDARD = "gnu++14";
				CLANG_CXX_LIBRARY = "libc++";
				CLANG_ENABLE_MODULES = YES;
				CLANG_ENABLE_OBJC_ARC = YES;
				CLANG_ENABLE_OBJC_WEAK = YES;
				CLANG_WARN_BLOCK_CAPTURE_AUTORELEASING = YES;
				CLANG_WARN_BOOL_CONVERSION = YES;
				CLANG_WARN_COMMA = YES;
				CLANG_WARN_CONSTANT_CONVERSION = YES;
				CLANG_WARN_DEPRECATED_OBJC_IMPLEMENTATIONS = YES;
				CLANG_WARN_DIRECT_OBJC_ISA_USAGE = YES_ERROR;
				CLANG_WARN_DOCUMENTATION_COMMENTS = YES;
				CLANG_WARN_EMPTY_BODY = YES;
				CLANG_WARN_ENUM_CONVERSION = YES;
				CLANG_WARN_INFINITE_RECURSION = YES;
				CLANG_WARN_INT_CONVERSION = YES;
				CLANG_WARN_NON_LITERAL_NULL_CONVERSION = YES;
				CLANG_WARN_OBJC_IMPLICIT_RETAIN_SELF = YES;
				CLANG_WARN_OBJC_LITERAL_CONVERSION = YES;
				CLANG_WARN_OBJC_ROOT_CLASS = YES_ERROR;
				CLANG_WARN_RANGE_LOOP_ANALYSIS = YES;
				CLANG_WARN_STRICT_PROTOTYPES = YES;
				CLANG_WARN_SUSPICIOUS_MOVE = YES;
				CLANG_WARN_UNGUARDED_AVAILABILITY = YES_AGGRESSIVE;
				CLANG_WARN_UNREACHABLE_CODE = YES;
				CLANG_WARN__DUPLICATE_METHOD_MATCH = YES;
				COPY_PHASE_STRIP = NO;
				DEBUG_INFORMATION_FORMAT = dwarf;
				ENABLE_STRICT_OBJC_MSGSEND = YES;
				ENABLE_TESTABILITY = YES;
				GCC_C_LANGUAGE_STANDARD = gnu11;
				GCC_DYNAMIC_NO_PIC = NO;
				GCC_NO_COMMON_BLOCKS = YES;
				GCC_OPTIMIZATION_LEVEL = 0;
				GCC_PREPROCESSOR_DEFINITIONS = (
					"DEBUG=1",
					"$(inherited)",
				);
				GCC_WARN_64_TO_32_BIT_CONVERSION = YES;
				GCC_WARN_ABOUT_RETURN_TYPE = YES_ERROR;
				GCC_WARN_UNDECLARED_SELECTOR = YES;
				GCC_WARN_UNINITIALIZED_AUTOS = YES_AGGRESSIVE;
				GCC_WARN_UNUSED_FUNCTION = YES;
				GCC_WARN_UNUSED_VARIABLE = YES;
				IPHONEOS_DEPLOYMENT_TARGET = 13.4;
				MTL_ENABLE_DEBUG_INFO = INCLUDE_SOURCE;
				MTL_FAST_MATH = YES;
				ONLY_ACTIVE_ARCH = YES;
				SDKROOT = iphoneos;
				SWIFT_ACTIVE_COMPILATION_CONDITIONS = DEBUG;
				SWIFT_OPTIMIZATION_LEVEL = "-Onone";
			};
			name = Debug;
		};
		4A0788A2245DC92D0081CE6E /* Release */ = {
			isa = XCBuildConfiguration;
			buildSettings = {
				ALWAYS_SEARCH_USER_PATHS = NO;
				CLANG_ANALYZER_NONNULL = YES;
				CLANG_ANALYZER_NUMBER_OBJECT_CONVERSION = YES_AGGRESSIVE;
				CLANG_CXX_LANGUAGE_STANDARD = "gnu++14";
				CLANG_CXX_LIBRARY = "libc++";
				CLANG_ENABLE_MODULES = YES;
				CLANG_ENABLE_OBJC_ARC = YES;
				CLANG_ENABLE_OBJC_WEAK = YES;
				CLANG_WARN_BLOCK_CAPTURE_AUTORELEASING = YES;
				CLANG_WARN_BOOL_CONVERSION = YES;
				CLANG_WARN_COMMA = YES;
				CLANG_WARN_CONSTANT_CONVERSION = YES;
				CLANG_WARN_DEPRECATED_OBJC_IMPLEMENTATIONS = YES;
				CLANG_WARN_DIRECT_OBJC_ISA_USAGE = YES_ERROR;
				CLANG_WARN_DOCUMENTATION_COMMENTS = YES;
				CLANG_WARN_EMPTY_BODY = YES;
				CLANG_WARN_ENUM_CONVERSION = YES;
				CLANG_WARN_INFINITE_RECURSION = YES;
				CLANG_WARN_INT_CONVERSION = YES;
				CLANG_WARN_NON_LITERAL_NULL_CONVERSION = YES;
				CLANG_WARN_OBJC_IMPLICIT_RETAIN_SELF = YES;
				CLANG_WARN_OBJC_LITERAL_CONVERSION = YES;
				CLANG_WARN_OBJC_ROOT_CLASS = YES_ERROR;
				CLANG_WARN_RANGE_LOOP_ANALYSIS = YES;
				CLANG_WARN_STRICT_PROTOTYPES = YES;
				CLANG_WARN_SUSPICIOUS_MOVE = YES;
				CLANG_WARN_UNGUARDED_AVAILABILITY = YES_AGGRESSIVE;
				CLANG_WARN_UNREACHABLE_CODE = YES;
				CLANG_WARN__DUPLICATE_METHOD_MATCH = YES;
				COPY_PHASE_STRIP = NO;
				DEBUG_INFORMATION_FORMAT = "dwarf-with-dsym";
				ENABLE_NS_ASSERTIONS = NO;
				ENABLE_STRICT_OBJC_MSGSEND = YES;
				GCC_C_LANGUAGE_STANDARD = gnu11;
				GCC_NO_COMMON_BLOCKS = YES;
				GCC_WARN_64_TO_32_BIT_CONVERSION = YES;
				GCC_WARN_ABOUT_RETURN_TYPE = YES_ERROR;
				GCC_WARN_UNDECLARED_SELECTOR = YES;
				GCC_WARN_UNINITIALIZED_AUTOS = YES_AGGRESSIVE;
				GCC_WARN_UNUSED_FUNCTION = YES;
				GCC_WARN_UNUSED_VARIABLE = YES;
				IPHONEOS_DEPLOYMENT_TARGET = 13.4;
				MTL_ENABLE_DEBUG_INFO = NO;
				MTL_FAST_MATH = YES;
				SDKROOT = iphoneos;
				SWIFT_COMPILATION_MODE = wholemodule;
				SWIFT_OPTIMIZATION_LEVEL = "-O";
				VALIDATE_PRODUCT = YES;
			};
			name = Release;
		};
		4A0788A4245DC92D0081CE6E /* Debug */ = {
			isa = XCBuildConfiguration;
			buildSettings = {
				ASSETCATALOG_COMPILER_APPICON_NAME = AppIcon;
				CODE_SIGN_STYLE = Automatic;
				INFOPLIST_FILE = tconvector/Info.plist;
				LD_RUNPATH_SEARCH_PATHS = (
					"$(inherited)",
					"@executable_path/Frameworks",
				);
				PRODUCT_BUNDLE_IDENTIFIER = com.boichuk.tconvector;
				PRODUCT_NAME = "$(TARGET_NAME)";
				SWIFT_VERSION = 5.0;
				TARGETED_DEVICE_FAMILY = "1,2";
			};
			name = Debug;
		};
		4A0788A5245DC92D0081CE6E /* Release */ = {
			isa = XCBuildConfiguration;
			buildSettings = {
				ASSETCATALOG_COMPILER_APPICON_NAME = AppIcon;
				CODE_SIGN_STYLE = Automatic;
				INFOPLIST_FILE = tconvector/Info.plist;
				LD_RUNPATH_SEARCH_PATHS = (
					"$(inherited)",
					"@executable_path/Frameworks",
				);
				PRODUCT_BUNDLE_IDENTIFIER = com.boichuk.tconvector;
				PRODUCT_NAME = "$(TARGET_NAME)";
				SWIFT_VERSION = 5.0;
				TARGETED_DEVICE_FAMILY = "1,2";
			};
			name = Release;
		};
/* End XCBuildConfiguration section */

/* Begin XCConfigurationList section */
		4A07888A245DC92B0081CE6E /* Build configuration list for PBXProject "tconvector" */ = {
			isa = XCConfigurationList;
			buildConfigurations = (
				4A0788A1245DC92D0081CE6E /* Debug */,
				4A0788A2245DC92D0081CE6E /* Release */,
			);
			defaultConfigurationIsVisible = 0;
			defaultConfigurationName = Release;
		};
		4A0788A3245DC92D0081CE6E /* Build configuration list for PBXNativeTarget "tconvector" */ = {
			isa = XCConfigurationList;
			buildConfigurations = (
				4A0788A4245DC92D0081CE6E /* Debug */,
				4A0788A5245DC92D0081CE6E /* Release */,
			);
			defaultConfigurationIsVisible = 0;
			defaultConfigurationName = Release;
		};
/* End XCConfigurationList section */
	};
	rootObject = 4A078887245DC92B0081CE6E /* Project object */;
}
